starter_lock_version: 0.1.0
audit_run_id: audit:walking-skeleton
locked_at: '2026-07-27T20:00:00Z'
detector_manifest_digest: sha256:28ee399e6027e89761a793d09beb736b44dfd668fdc757a5b88b8b820d092620
claim:
  schema_version: 0.21.0
  record_type: claim
  claim_id: claim:walking-skeleton-direction
  audit_run_id: audit:walking-skeleton
  report_ref:
    record_type: artifact
    record_id: artifact:walking-skeleton-report
  claim_status: final
  claim_kind: directional
  text: Treatment increased expression relative to control.
  source_refs: &id001
  - source_kind: file_span
    locator: report.md:3
    path: report.md
    content_digest: sha256:0a58d18777650d085f39ab4f6360f04a3cfb9b9e6b0dfe87376103cd0e99bd69
    start_line: 3
    end_line: 3
    quoted_text: Treatment increased expression relative to control.
  scientific_contract_id: contract:walking-skeleton-direction
  proposition:
    subject: treatment contrast
    predicate: increased expression
    claim_strength: associational
    population: analysis cohort
    comparison: treated versus control
    direction: positive
    scale: expression units
  lineage:
    status: partial
    result_refs:
    - record_type: artifact
      record_id: artifact:walking-skeleton-result
    operation_refs:
    - record_type: operation
      record_id: operation:compute-difference
    input_refs:
    - record_type: data_asset
      record_id: data:walking-skeleton
    missing_links: []
    opaque_dependency_refs:
    - record_type: operation
      record_id: operation:opaque-normalizer
    grades:
      report_origin:
        status: complete
        record_refs:
        - record_type: artifact
          record_id: artifact:walking-skeleton-report
        source_refs: *id001
        limitations: []
      result_origin:
        status: partial
        record_refs:
        - record_type: artifact
          record_id: artifact:walking-skeleton-result
        source_refs: []
        limitations:
        - The fixture binds the result but does not observe report generation.
      computational_origin:
        status: complete
        record_refs:
        - record_type: operation
          record_id: operation:compute-difference
        source_refs: []
        limitations: []
      input_origin:
        status: complete
        record_refs:
        - record_type: data_asset
          record_id: data:walking-skeleton
        source_refs: []
        limitations: []
      execution_origin:
        status: missing
        record_refs: []
        source_refs: []
        limitations:
        - No project workflow Execution record exists.
      semantic_origin:
        status: partial
        record_refs:
        - record_type: semantic_assertion
          record_id: assertion:report-direction
        source_refs: *id001
        limitations:
        - The unit-of-analysis dimension remains unresolved.
  extraction:
    method: model_assisted
    explicit_source_meaning: true
    independently_verified: true
    semantic_assertion_ids:
    - assertion:report-direction
scientific_contract:
  schema_version: 0.21.0
  record_type: scientific_contract
  contract_id: contract:walking-skeleton-direction
  audit_run_id: audit:walking-skeleton
  title: Walking-skeleton treatment-expression contract
  status: draft
  scope:
    level: claim
    subject_refs:
    - record_type: claim
      record_id: claim:walking-skeleton-direction
  dimensions:
    target_population:
      state: known
      assertion_ids:
      - assertion:target-population
      accepted_assertion_ids:
      - assertion:target-population
    analysis_population:
      state: known
      assertion_ids:
      - assertion:analysis-population
      accepted_assertion_ids:
      - assertion:analysis-population
    unit_of_analysis:
      state: unknown
      reason: The repository does not define whether sample_id denotes a biological
        donor or a technical unit.
      material_question_id: question:walking-skeleton-sample-id
      searched_source_refs: []
    exposure_or_treatment:
      state: known
      assertion_ids:
      - assertion:treatment
      accepted_assertion_ids:
      - assertion:treatment
    outcome:
      state: known
      assertion_ids:
      - assertion:outcome
      accepted_assertion_ids:
      - assertion:outcome
    estimand:
      state: known
      assertion_ids:
      - assertion:estimand
      accepted_assertion_ids:
      - assertion:estimand
    comparison:
      state: known
      assertion_ids:
      - assertion:comparison
      accepted_assertion_ids:
      - assertion:comparison
    time_definition:
      state: not_applicable
      rationale: No longitudinal timing in this contrast.
    scale_and_orientation:
      state: known
      assertion_ids:
      - assertion:orientation
      accepted_assertion_ids:
      - assertion:orientation
    adjustment_set:
      state: known
      assertion_ids:
      - assertion:adjustment
      accepted_assertion_ids:
      - assertion:adjustment
    denominator_or_universe:
      state: not_applicable
      rationale: No rate or enrichment denominator.
    control_set:
      state: known
      assertion_ids:
      - assertion:control
      accepted_assertion_ids:
      - assertion:control
    dependence_structure:
      state: unknown
      reason: Dependence cannot be resolved until the unit represented by sample_id
        is known.
      material_question_id: question:walking-skeleton-sample-id
      searched_source_refs: []
    measurement_model:
      state: known
      assertion_ids:
      - assertion:measurement
      accepted_assertion_ids:
      - assertion:measurement
    missingness_and_transport:
      state: known
      assertion_ids:
      - assertion:missingness
      accepted_assertion_ids:
      - assertion:missingness
    uncertainty_target:
      state: known
      assertion_ids:
      - assertion:uncertainty
      accepted_assertion_ids:
      - assertion:uncertainty
    selection_process:
      state: known
      assertion_ids:
      - assertion:selection
      accepted_assertion_ids:
      - assertion:selection
  source_refs: *id001
  created_at: '2026-07-27T20:00:00Z'
observed_result:
  schema_version: 0.21.0
  record_type: observed_result
  observed_result_id: observed-result:walking-skeleton
  audit_run_id: audit:walking-skeleton
  value_kind: scalar
  scalar_value: -0.42
  observation_method: deterministic_verification
  producing_operation_ref:
    record_type: operation
    record_id: operation:compute-difference
  artifact_ref:
    record_type: artifact
    record_id: artifact:walking-skeleton-result
  source_refs:
  - source_kind: file_span
    locator: analysis.py:12-15
    path: analysis.py
    content_digest: sha256:e414c99daefdb5a61eebefa3be09d1f69240a9bc4673b2ee202a4ac76f51c69c
    start_line: 12
    end_line: 15
    quoted_text: return sum(treated) / len(treated) - sum(control) / len(control)
  lineage_status: complete
  lineage_limitations: []
  comparison:
    state: known
    value: treated versus control
    evidence_refs:
    - source_kind: file_span
      locator: analysis.py:12-15
      path: analysis.py
      content_digest: sha256:e414c99daefdb5a61eebefa3be09d1f69240a9bc4673b2ee202a4ac76f51c69c
      start_line: 12
      end_line: 15
  orientation:
    state: known
    value: treated_minus_control
    evidence_refs:
    - source_kind: file_span
      locator: analysis.py:12-15
      path: analysis.py
      content_digest: sha256:e414c99daefdb5a61eebefa3be09d1f69240a9bc4673b2ee202a4ac76f51c69c
      start_line: 12
      end_line: 15
  scale:
    state: known
    value: expression units
    evidence_refs:
    - source_kind: file_span
      locator: analysis.py:12-15
      path: analysis.py
      content_digest: sha256:e414c99daefdb5a61eebefa3be09d1f69240a9bc4673b2ee202a4ac76f51c69c
      start_line: 12
      end_line: 15
  unit:
    state: unknown
    rationale: The result unit is not established in the fixture.
    evidence_refs: []
  population:
    state: unknown
    rationale: The result population is not established in the fixture.
    evidence_refs: []
  timing:
    state: unknown
    rationale: The result timing is not established in the fixture.
    evidence_refs: []
  provenance:
    actor:
      actor_kind: controller
      actor_id: software:sc-referee-controller
    method: deterministic_scalar_verification
    created_at: '2026-07-27T20:00:00Z'
material_question:
  schema_version: 0.21.0
  record_type: material_question
  question_id: question:walking-skeleton-sample-id
  audit_run_id: audit:walking-skeleton
  question: What biological or technical unit does sample_id identify?
  unknown_semantic_dimension: unit_of_analysis
  why_it_matters: The answer determines whether repeated biological units are modeled
    as independent.
  candidate_answers:
  - answer_id: answer-option:donor
    label: Biological donor
    value: donor
    consequence: The current row-level model may omit within-donor dependence.
  - answer_id: answer-option:library
    label: Sequencing library
    value: library
    consequence: The repeated-measures concern may not apply at the donor level.
  - answer_id: answer-option:unknown
    label: Unknown
    value: unknown
    consequence: The detector must remain unresolved.
  evidence_searched:
  - source: repository metadata and code comments
    result: No definition was found.
  blocked_detector_ids:
  - detector:repeated-measures
  affected_claim_ids:
  - claim:walking-skeleton-direction
  linked_conditional_concern_ids:
  - concern:sample-unit-dependence
  priority: high
  status: open
  answer_ids: []
  created_at: '2026-07-27T20:00:00Z'
  provenance:
    actor:
      actor_kind: controller
      actor_id: sc_referee.core
    method: deterministic_generation
    created_at: '2026-07-27T20:00:00Z'
    tool: sc_referee.core
    tool_version: 0.5.0
disclosure:
  schema_version: 0.21.0
  record_type: disclosure
  disclosure_id: disclosure:walking-skeleton-opaque-normalizer
  audit_run_id: audit:walking-skeleton
  disclosure_kind: opaque_boundary
  title: Custom normalization executable was treated as an opaque boundary
  description: The executable output was trusted as a boundary input, but its internal
    transformation semantics were not inspected.
  importance: material
  non_accusatory: true
  affected_refs:
  - record_type: artifact
    record_id: artifact:walking-skeleton-result
  source_refs:
  - source_kind: shell_command
    locator: workflow.sh:2
    path: workflow.sh
    content_digest: sha256:e4b0a488d0ba42457ad1829d74d3df4b4f0cd19dfe02d854bf5c7ab5e682fcb3
    start_line: 2
    end_line: 2
    quoted_text: opaque-normalizer data.csv > normalized.csv
  coverage_status: not_covered
  interpretive_consequence: Downstream checks do not establish correctness of the
    caller internal error model.
  next_step: Provide an immutable version and validation documentation if publication
    claims depend on caller internals.
  created_at: '2026-07-27T20:00:00Z'
  provenance:
    actor:
      actor_kind: controller
      actor_id: sc_referee.core
    method: deterministic_generation
    created_at: '2026-07-27T20:00:00Z'
    tool: sc_referee.core
    tool_version: 0.5.0
orientation_question:
  schema_version: 0.21.0
  record_type: material_question
  question_id: question:walking-skeleton-orientation
  audit_run_id: audit:walking-skeleton
  question: What comparison orientation does the stored coefficient represent?
  unknown_semantic_dimension: scale_and_orientation
  why_it_matters: The answer determines whether the stored coefficient direction agrees
    with the treated-versus-control report claim.
  candidate_answers:
  - answer_id: answer-option:treated-minus-control
    label: Treated minus control
    value: treated_minus_control
    consequence: A negative coefficient contradicts the positive report direction.
  - answer_id: answer-option:control-minus-treated
    label: Control minus treated
    value: control_minus_treated
    consequence: The coefficient sign is reversed before comparison and may agree
      with the report.
  - answer_id: answer-option:unknown-orientation
    label: Unknown
    value: unknown
    consequence: The direction detector must remain unresolved.
  evidence_searched:
  - source: result metadata and analysis source
    result: The comparison orientation was not established.
  blocked_detector_ids:
  - detector:claim-result-direction
  affected_claim_ids:
  - claim:walking-skeleton-direction
  linked_conditional_concern_ids: []
  priority: high
  status: open
  answer_ids: []
  created_at: '2026-07-27T20:00:00Z'
  provenance:
    actor:
      actor_kind: controller
      actor_id: sc_referee.core
    method: deterministic_generation
    created_at: '2026-07-27T20:00:00Z'
    tool: sc_referee.core
    tool_version: 0.5.0
fixture_mode: true
fixture_id: fixture:walking-skeleton-direction
detector_manifest_path: fixture-detector-manifest.json
dependence_detector_manifest_path: fixture-dependence-detector-manifest.json
dependence_detector_manifest_digest: sha256:468d9c29efb17ca65b4454dba2305c4a0920b84ae7013d2a17dd0d4a83545bcb
